// !$*UTF8*$!
{
	archiveVersion = 1;
	classes = {
	};
	objectVersion = 46;
	objects = {

/* Begin PBXBuildFile section */
		610897771D8C057500662AF0 /* AppDelegate.swift in Sources */ = {isa = PBXBuildFile; fileRef = 610897761D8C057500662AF0 /* AppDelegate.swift */; };
		610897791D8C057500662AF0 /* ViewController.swift in Sources */ = {isa = PBXBuildFile; fileRef = 610897781D8C057500662AF0 /* ViewController.swift */; };
		6108977C1D8C057500662AF0 /* Main.storyboard in Resources */ = {isa = PBXBuildFile; fileRef = 6108977A1D8C057500662AF0 /* Main.storyboard */; };
		6108977E1D8C057500662AF0 /* Assets.xcassets in Resources */ = {isa = PBXBuildFile; fileRef = 6108977D1D8C057500662AF0 /* Assets.xcassets */; };
		610897811D8C057500662AF0 /* LaunchScreen.storyboard in Resources */ = {isa = PBXBuildFile; fileRef = 6108977F1D8C057500662AF0 /* LaunchScreen.storyboard */; };
/* End PBXBuildFile section */

/* Begin PBXFileReference section */
		610897731D8C057500662AF0 /* firstRep.app */ = {isa = PBXFileReference; explicitFileType = wrapper.application; includeInIndex = 0; path = firstRep.app; sourceTree = BUILT_PRODUCTS_DIR; };
		610897761D8C057500662AF0 /* AppDelegate.swift */ = {isa = PBXFileReference; lastKnownFileType = sourcecode.swift; path = AppDelegate.swift; sourceTree = "<group>"; };
		610897781D8C057500662AF0 /* ViewController.swift */ = {isa = PBXFileReference; lastKnownFileType = sourcecode.swift; path = ViewController.swift; sourceTree = "<group>"; };
		6108977B1D8C057500662AF0 /* Base */ = {isa = PBXFileReference; lastKnownFileType = file.storyboard; name = Base; path = Base.lproj/Main.storyboard; sourceTree = "<group>"; };
		6108977D1D8C057500662AF0 /* Assets.xcassets */ = {isa = PBXFileReference; lastKnownFileType = folder.assetcatalog; path = Assets.xcassets; sourceTree = "<group>"; };
		610897801D8C057500662AF0 /* Base */ = {isa = PBXFileReference; lastKnownFileType = file.storyboard; name = Base; path = Base.lproj/LaunchScreen.storyboard; sourceTree = "<group>"; };
		610897821D8C057500662AF0 /* Info.plist */ = {isa = PBXFileReference; lastKnownFileType = text.plist.xml; path = Info.plist; sourceTree = "<group>"; };
/* End PBXFileReference section */

/* Begin PBXFrameworksBuildPhase section */
		610897701D8C057500662AF0 /* Frameworks */ = {
			isa = PBXFrameworksBuildPhase;
			buildActionMask = 2147483647;
			files = (
			);
			runOnlyForDeploymentPostprocessing = 0;
		};
/* End PBXFrameworksBuildPhase section */

/* Begin PBXGroup section */
		6108976A1D8C057500662AF0 = {
			isa = PBXGroup;
			children = (
				610897751D8C057500662AF0 /* firstRep */,
				610897741D8C057500662AF0 /* Products */,
			);
			sourceTree = "<group>";
		};
		610897741D8C057500662AF0 /* Products */ = {
			isa = PBXGroup;
			children = (
				610897731D8C057500662AF0 /* firstRep.app */,
			);
			name = Products;
			sourceTree = "<group>";
		};
		610897751D8C057500662AF0 /* firstRep */ = {
			isa = PBXGroup;
			children = (
				610897761D8C057500662AF0 /* AppDelegate.swift */,
				610897781D8C057500662AF0 /* ViewController.swift */,
				6108977A1D8C057500662AF0 /* Main.storyboard */,
				6108977D1D8C057500662AF0 /* Assets.xcassets */,
				6108977F1D8C057500662AF0 /* LaunchScreen.storyboard */,
				610897821D8C057500662AF0 /* Info.plist */,
			);
			path = firstRep;
			sourceTree = "<group>";
		};
/* End PBXGroup section */

/* Begin PBXNativeTarget section */
		610897721D8C057500662AF0 /* firstRep */ = {
			isa = PBXNativeTarget;
			buildConfigurationList = 610897851D8C057500662AF0 /* Build configuration list for PBXNativeTarget "firstRep" */;
			buildPhases = (
				6108976F1D8C057500662AF0 /* Sources */,
				610897701D8C057500662AF0 /* Frameworks */,
				610897711D8C057500662AF0 /* Resources */,
			);
			buildRules = (
			);
			dependencies = (
			);
			name = firstRep;
			productName = firstRep;
			productReference = 610897731D8C057500662AF0 /* firstRep.app */;
			productType = "com.apple.product-type.application";
		};
/* End PBXNativeTarget section */

/* Begin PBXProject section */
		6108976B1D8C057500662AF0 /* Project object */ = {
			isa = PBXProject;
			attributes = {
				LastSwiftUpdateCheck = 0730;
				LastUpgradeCheck = 0730;
				ORGANIZATIONNAME = CarlTesting;
				TargetAttributes = {
					610897721D8C057500662AF0 = {
						CreatedOnToolsVersion = 7.3.1;
					};
				};
			};
			buildConfigurationList = 6108976E1D8C057500662AF0 /* Build configuration list for PBXProject "firstRep" */;
			compatibilityVersion = "Xcode 3.2";
			developmentRegion = English;
			hasScannedForEncodings = 0;
			knownRegions = (
				en,
				Base,
			);
			mainGroup = 6108976A1D8C057500662AF0;
			productRefGroup = 610897741D8C057500662AF0 /* Products */;
			projectDirPath = "";
			projectRoot = "";
			targets = (
				610897721D8C057500662AF0 /* firstRep */,
			);
		};
/* End PBXProject section */

/* Begin PBXResourcesBuildPhase section */
		610897711D8C057500662AF0 /* Resources */ = {
			isa = PBXResourcesBuildPhase;
			buildActionMask = 2147483647;
			files = (
				610897811D8C057500662AF0 /* LaunchScreen.storyboard in Resources */,
				6108977E1D8C057500662AF0 /* Assets.xcassets in Resources */,
				6108977C1D8C057500662AF0 /* Main.storyboard in Resources */,
			);
			runOnlyForDeploymentPostprocessing = 0;
		};
/* End PBXResourcesBuildPhase section */

/* Begin PBXSourcesBuildPhase section */
		6108976F1D8C057500662AF0 /* Sources */ = {
			isa = PBXSourcesBuildPhase;
			buildActionMask = 2147483647;
			files = (
				610897791D8C057500662AF0 /* ViewController.swift in Sources */,
				610897771D8C057500662AF0 /* AppDelegate.swift in Sources */,
			);
			runOnlyForDeploymentPostprocessing = 0;
		};
/* End PBXSourcesBuildPhase section */

/* Begin PBXVariantGroup section */
		6108977A1D8C057500662AF0 /* Main.storyboard */ = {
			isa = PBXVariantGroup;
			children = (
				6108977B1D8C057500662AF0 /* Base */,
			);
			name = Main.storyboard;
			sourceTree = "<group>";
		};
		6108977F1D8C057500662AF0 /* LaunchScreen.storyboard */ = {
			isa = PBXVariantGroup;
			children = (
				610897801D8C057500662AF0 /* Base */,
			);
			name = LaunchScreen.storyboard;
			sourceTree = "<group>";
		};
/* End PBXVariantGroup section */

/* Begin XCBuildConfiguration section */
		610897831D8C057500662AF0 /* Debug */ = {
			isa = XCBuildConfiguration;
			buildSettings = {
				ALWAYS_SEARCH_USER_PATHS = NO;
				CLANG_ANALYZER_NONNULL = YES;
				CLANG_CXX_LANGUAGE_STANDARD = "gnu++0x";
				CLANG_CXX_LIBRARY = "libc++";
				CLANG_ENABLE_MODULES = YES;
				CLANG_ENABLE_OBJC_ARC = YES;
				CLANG_WARN_BOOL_CONVERSION = YES;
				CLANG_WARN_CONSTANT_CONVERSION = YES;
				CLANG_WARN_DIRECT_OBJC_ISA_USAGE = YES_ERROR;
				CLANG_WARN_EMPTY_BODY = YES;
				CLANG_WARN_ENUM_CONVERSION = YES;
				CLANG_WARN_INT_CONVERSION = YES;
				CLANG_WARN_OBJC_ROOT_CLASS = YES_ERROR;
				CLANG_WARN_UNREACHABLE_CODE = YES;
				CLANG_WARN__DUPLICATE_METHOD_MATCH = YES;
				"CODE_SIGN_IDENTITY[sdk=iphoneos*]" = "iPhone Developer";
				COPY_PHASE_STRIP = NO;
				DEBUG_INFORMATION_FORMAT = dwarf;
				ENABLE_STRICT_OBJC_MSGSEND = YES;
				ENABLE_TESTABILITY = YES;
				GCC_C_LANGUAGE_STANDARD = gnu99;
				GCC_DYNAMIC_NO_PIC = NO;
				GCC_NO_COMMON_BLOCKS = YES;
				GCC_OPTIMIZATION_LEVEL = 0;
				GCC_PREPROCESSOR_DEFINITIONS = (
					"DEBUG=1",
					"$(inherited)",
				);
				GCC_WARN_64_TO_32_BIT_CONVERSION = YES;
				GCC_WARN_ABOUT_RETURN_TYPE = YES_ERROR;
				GCC_WARN_UNDECLARED_SELECTOR = YES;
				GCC_WARN_UNINITIALIZED_AUTOS = YES_AGGRESSIVE;
				GCC_WARN_UNUSED_FUNCTION = YES;
				GCC_WARN_UNUSED_VARIABLE = YES;
				IPHONEOS_DEPLOYMENT_TARGET = 9.3;
				MTL_ENABLE_DEBUG_INFO = YES;
				ONLY_ACTIVE_ARCH = YES;
				SDKROOT = iphoneos;
				SWIFT_OPTIMIZATION_LEVEL = "-Onone";
				TARGETED_DEVICE_FAMILY = "1,2";
			};
			name = Debug;
		};
		610897841D8C057500662AF0 /* Release */ = {
			isa = XCBuildConfiguration;
			buildSettings = {
				ALWAYS_SEARCH_USER_PATHS = NO;
				CLANG_ANALYZER_NONNULL = YES;
				CLANG_CXX_LANGUAGE_STANDARD = "gnu++0x";
				CLANG_CXX_LIBRARY = "libc++";
				CLANG_ENABLE_MODULES = YES;
				CLANG_ENABLE_OBJC_ARC = YES;
				CLANG_WARN_BOOL_CONVERSION = YES;
				CLANG_WARN_CONSTANT_CONVERSION = YES;
				CLANG_WARN_DIRECT_OBJC_ISA_USAGE = YES_ERROR;
				CLANG_WARN_EMPTY_BODY = YES;
				CLANG_WARN_ENUM_CONVERSION = YES;
				CLANG_WARN_INT_CONVERSION = YES;
				CLANG_WARN_OBJC_ROOT_CLASS = YES_ERROR;
				CLANG_WARN_UNREACHABLE_CODE = YES;
				CLANG_WARN__DUPLICATE_METHOD_MATCH = YES;
				"CODE_SIGN_IDENTITY[sdk=iphoneos*]" = "iPhone Developer";
				COPY_PHASE_STRIP = NO;
				DEBUG_INFORMATION_FORMAT = "dwarf-with-dsym";
				ENABLE_NS_ASSERTIONS = NO;
				ENABLE_STRICT_OBJC_MSGSEND = YES;
				GCC_C_LANGUAGE_STANDARD = gnu99;
				GCC_NO_COMMON_BLOCKS = YES;
				GCC_WARN_64_TO_32_BIT_CONVERSION = YES;
				GCC_WARN_ABOUT_RETURN_TYPE = YES_ERROR;
				GCC_WARN_UNDECLARED_SELECTOR = YES;
				GCC_WARN_UNINITIALIZED_AUTOS = YES_AGGRESSIVE;
				GCC_WARN_UNUSED_FUNCTION = YES;
				GCC_WARN_UNUSED_VARIABLE = YES;
				IPHONEOS_DEPLOYMENT_TARGET = 9.3;
				MTL_ENABLE_DEBUG_INFO = NO;
				SDKROOT = iphoneos;
				TARGETED_DEVICE_FAMILY = "1,2";
				VALIDATE_PRODUCT = YES;
			};
			name = Release;
		};
		610897861D8C057500662AF0 /* Debug */ = {
			isa = XCBuildConfiguration;
			buildSettings = {
				ASSETCATALOG_COMPILER_APPICON_NAME = AppIcon;
				INFOPLIST_FILE = firstRep/Info.plist;
				LD_RUNPATH_SEARCH_PATHS = "$(inherited) @executable_path/Frameworks";
				PRODUCT_BUNDLE_IDENTIFIER = com.supertest.firstRep;
				PRODUCT_NAME = "$(TARGET_NAME)";
			};
			name = Debug;
		};
		610897871D8C057500662AF0 /* Release */ = {
			isa = XCBuildConfiguration;
			buildSettings = {
				ASSETCATALOG_COMPILER_APPICON_NAME = AppIcon;
				INFOPLIST_FILE = firstRep/Info.plist;
				LD_RUNPATH_SEARCH_PATHS = "$(inherited) @executable_path/Frameworks";
				PRODUCT_BUNDLE_IDENTIFIER = com.supertest.firstRep;
				PRODUCT_NAME = "$(TARGET_NAME)";
			};
			name = Release;
		};
/* End XCBuildConfiguration section */

/* Begin XCConfigurationList section */
		6108976E1D8C057500662AF0 /* Build configuration list for PBXProject "firstRep" */ = {
			isa = XCConfigurationList;
			buildConfigurations = (
				610897831D8C057500662AF0 /* Debug */,
				610897841D8C057500662AF0 /* Release */,
			);
			defaultConfigurationIsVisible = 0;
			defaultConfigurationName = Release;
		};
		610897851D8C057500662AF0 /* Build configuration list for PBXNativeTarget "firstRep" */ = {
			isa = XCConfigurationList;
			buildConfigurations = (
				610897861D8C057500662AF0 /* Debug */,
				610897871D8C057500662AF0 /* Release */,
			);
			defaultConfigurationIsVisible = 0;
		};
/* End XCConfigurationList section */
	};
	rootObject = 6108976B1D8C057500662AF0 /* Project object */;
}
